
Microsoft Visual Studio Solution File, Format Version 12.00
# Visual Studio Version 16
VisualStudioVersion = 16.0.31313.79
MinimumVisualStudioVersion = 10.0.40219.1
Project("{FAE04EC0-301F-11D3-BF4B-00C04F79EFBC}") = "VC_MVC", "VC_MVC\VC_MVC.csproj", "{EFB1AF58-AF71-44DB-9D5E-74939A4CEABF}"
EndProject
Global
	GlobalSection(SolutionConfigurationPlatforms) = preSolution
		Debug|Any CPU = Debug|Any CPU
		Release|Any CPU = Release|Any CPU
	EndGlobalSection
	GlobalSection(ProjectConfigurationPlatforms) = postSolution
		{EFB1AF58-AF71-44DB-9D5E-74939A4CEABF}.Debug|Any CPU.ActiveCfg = Debug|Any CPU
		{EFB1AF58-AF71-44DB-9D5E-74939A4CEABF}.Debug|Any CPU.Build.0 = Debug|Any CPU
		{EFB1AF58-AF71-44DB-9D5E-74939A4CEABF}.Release|Any CPU.ActiveCfg = Release|Any CPU
		{EFB1AF58-AF71-44DB-9D5E-74939A4CEABF}.Release|Any CPU.Build.0 = Release|Any CPU
	EndGlobalSection
	GlobalSection(SolutionProperties) = preSolution
		HideSolutionNode = FALSE
	EndGlobalSection
	GlobalSection(ExtensibilityGlobals) = postSolution
		SolutionGuid = {594A3547-8553-4B00-AD15-F7E1A32D7FBC}
	EndGlobalSection
EndGlobal
